// !$*UTF8*$!
{
	archiveVersion = 1;
	classes = {
	};
	objectVersion = 56;
	objects = {

/* Begin PBXBuildFile section */
		7F97CDEF29490D2C00D46458 /* Animation.swift in Sources */ = {isa = PBXBuildFile; fileRef = 7F97CDEE29490D2C00D46458 /* Animation.swift */; };
		7F97CDF129490D3D00D46458 /* DataStore.swift in Sources */ = {isa = PBXBuildFile; fileRef = 7F97CDF029490D3D00D46458 /* DataStore.swift */; };
		7FD642E32943C55000AB5345 /* AppDelegate.swift in Sources */ = {isa = PBXBuildFile; fileRef = 7FD642E22943C55000AB5345 /* AppDelegate.swift */; };
		7FD642E52943C55000AB5345 /* SceneDelegate.swift in Sources */ = {isa = PBXBuildFile; fileRef = 7FD642E42943C55000AB5345 /* SceneDelegate.swift */; };
		7FD642E72943C55000AB5345 /* AnimatedViewController.swift in Sources */ = {isa = PBXBuildFile; fileRef = 7FD642E62943C55000AB5345 /* AnimatedViewController.swift */; };
		7FD642EA2943C55000AB5345 /* Main.storyboard in Resources */ = {isa = PBXBuildFile; fileRef = 7FD642E82943C55000AB5345 /* Main.storyboard */; };
		7FD642EC2943C55100AB5345 /* Assets.xcassets in Resources */ = {isa = PBXBuildFile; fileRef = 7FD642EB2943C55100AB5345 /* Assets.xcassets */; };
		7FD642EF2943C55100AB5345 /* LaunchScreen.storyboard in Resources */ = {isa = PBXBuildFile; fileRef = 7FD642ED2943C55100AB5345 /* LaunchScreen.storyboard */; };
		7FD642F82943C58E00AB5345 /* SpringAnimation in Frameworks */ = {isa = PBXBuildFile; productRef = 7FD642F72943C58E00AB5345 /* SpringAnimation */; };
/* End PBXBuildFile section */

/* Begin PBXFileReference section */
		7F97CDEE29490D2C00D46458 /* Animation.swift */ = {isa = PBXFileReference; lastKnownFileType = sourcecode.swift; path = Animation.swift; sourceTree = "<group>"; };
		7F97CDF029490D3D00D46458 /* DataStore.swift */ = {isa = PBXFileReference; lastKnownFileType = sourcecode.swift; path = DataStore.swift; sourceTree = "<group>"; };
		7FD642DF2943C55000AB5345 /* AnimatedWorld.app */ = {isa = PBXFileReference; explicitFileType = wrapper.application; includeInIndex = 0; path = AnimatedWorld.app; sourceTree = BUILT_PRODUCTS_DIR; };
		7FD642E22943C55000AB5345 /* AppDelegate.swift */ = {isa = PBXFileReference; lastKnownFileType = sourcecode.swift; path = AppDelegate.swift; sourceTree = "<group>"; };
		7FD642E42943C55000AB5345 /* SceneDelegate.swift */ = {isa = PBXFileReference; lastKnownFileType = sourcecode.swift; path = SceneDelegate.swift; sourceTree = "<group>"; };
		7FD642E62943C55000AB5345 /* AnimatedViewController.swift */ = {isa = PBXFileReference; lastKnownFileType = sourcecode.swift; path = AnimatedViewController.swift; sourceTree = "<group>"; };
		7FD642E92943C55000AB5345 /* Base */ = {isa = PBXFileReference; lastKnownFileType = file.storyboard; name = Base; path = Base.lproj/Main.storyboard; sourceTree = "<group>"; };
		7FD642EB2943C55100AB5345 /* Assets.xcassets */ = {isa = PBXFileReference; lastKnownFileType = folder.assetcatalog; path = Assets.xcassets; sourceTree = "<group>"; };
		7FD642EE2943C55100AB5345 /* Base */ = {isa = PBXFileReference; lastKnownFileType = file.storyboard; name = Base; path = Base.lproj/LaunchScreen.storyboard; sourceTree = "<group>"; };
		7FD642F02943C55100AB5345 /* Info.plist */ = {isa = PBXFileReference; lastKnownFileType = text.plist.xml; path = Info.plist; sourceTree = "<group>"; };
/* End PBXFileReference section */

/* Begin PBXFrameworksBuildPhase section */
		7FD642DC2943C55000AB5345 /* Frameworks */ = {
			isa = PBXFrameworksBuildPhase;
			buildActionMask = 2147483647;
			files = (
				7FD642F82943C58E00AB5345 /* SpringAnimation in Frameworks */,
			);
			runOnlyForDeploymentPostprocessing = 0;
		};
/* End PBXFrameworksBuildPhase section */

/* Begin PBXGroup section */
		7FD642D62943C55000AB5345 = {
			isa = PBXGroup;
			children = (
				7FD642E12943C55000AB5345 /* AnimatedWorld */,
				7FD642E02943C55000AB5345 /* Products */,
			);
			sourceTree = "<group>";
		};
		7FD642E02943C55000AB5345 /* Products */ = {
			isa = PBXGroup;
			children = (
				7FD642DF2943C55000AB5345 /* AnimatedWorld.app */,
			);
			name = Products;
			sourceTree = "<group>";
		};
		7FD642E12943C55000AB5345 /* AnimatedWorld */ = {
			isa = PBXGroup;
			children = (
				7FD642E22943C55000AB5345 /* AppDelegate.swift */,
				7FD642E42943C55000AB5345 /* SceneDelegate.swift */,
				7FD642E62943C55000AB5345 /* AnimatedViewController.swift */,
				7F97CDEE29490D2C00D46458 /* Animation.swift */,
				7F97CDF029490D3D00D46458 /* DataStore.swift */,
				7FD642E82943C55000AB5345 /* Main.storyboard */,
				7FD642EB2943C55100AB5345 /* Assets.xcassets */,
				7FD642ED2943C55100AB5345 /* LaunchScreen.storyboard */,
				7FD642F02943C55100AB5345 /* Info.plist */,
			);
			path = AnimatedWorld;
			sourceTree = "<group>";
		};
/* End PBXGroup section */

/* Begin PBXNativeTarget section */
		7FD642DE2943C55000AB5345 /* AnimatedWorld */ = {
			isa = PBXNativeTarget;
			buildConfigurationList = 7FD642F32943C55100AB5345 /* Build configuration list for PBXNativeTarget "AnimatedWorld" */;
			buildPhases = (
				7FD642DB2943C55000AB5345 /* Sources */,
				7FD642DC2943C55000AB5345 /* Frameworks */,
				7FD642DD2943C55000AB5345 /* Resources */,
			);
			buildRules = (
			);
			dependencies = (
			);
			name = AnimatedWorld;
			packageProductDependencies = (
				7FD642F72943C58E00AB5345 /* SpringAnimation */,
			);
			productName = AnimatedWorld;
			productReference = 7FD642DF2943C55000AB5345 /* AnimatedWorld.app */;
			productType = "com.apple.product-type.application";
		};
/* End PBXNativeTarget section */

/* Begin PBXProject section */
		7FD642D72943C55000AB5345 /* Project object */ = {
			isa = PBXProject;
			attributes = {
				BuildIndependentTargetsInParallel = 1;
				LastSwiftUpdateCheck = 1410;
				LastUpgradeCheck = 1410;
				TargetAttributes = {
					7FD642DE2943C55000AB5345 = {
						CreatedOnToolsVersion = 14.1;
					};
				};
			};
			buildConfigurationList = 7FD642DA2943C55000AB5345 /* Build configuration list for PBXProject "AnimatedWorld" */;
			compatibilityVersion = "Xcode 14.0";
			developmentRegion = en;
			hasScannedForEncodings = 0;
			knownRegions = (
				en,
				Base,
			);
			mainGroup = 7FD642D62943C55000AB5345;
			packageReferences = (
				7FD642F62943C58E00AB5345 /* XCRemoteSwiftPackageReference "SpringAnimation" */,
			);
			productRefGroup = 7FD642E02943C55000AB5345 /* Products */;
			projectDirPath = "";
			projectRoot = "";
			targets = (
				7FD642DE2943C55000AB5345 /* AnimatedWorld */,
			);
		};
/* End PBXProject section */

/* Begin PBXResourcesBuildPhase section */
		7FD642DD2943C55000AB5345 /* Resources */ = {
			isa = PBXResourcesBuildPhase;
			buildActionMask = 2147483647;
			files = (
				7FD642EF2943C55100AB5345 /* LaunchScreen.storyboard in Resources */,
				7FD642EC2943C55100AB5345 /* Assets.xcassets in Resources */,
				7FD642EA2943C55000AB5345 /* Main.storyboard in Resources */,
			);
			runOnlyForDeploymentPostprocessing = 0;
		};
/* End PBXResourcesBuildPhase section */

/* Begin PBXSourcesBuildPhase section */
		7FD642DB2943C55000AB5345 /* Sources */ = {
			isa = PBXSourcesBuildPhase;
			buildActionMask = 2147483647;
			files = (
				7FD642E72943C55000AB5345 /* AnimatedViewController.swift in Sources */,
				7FD642E32943C55000AB5345 /* AppDelegate.swift in Sources */,
				7F97CDEF29490D2C00D46458 /* Animation.swift in Sources */,
				7F97CDF129490D3D00D46458 /* DataStore.swift in Sources */,
				7FD642E52943C55000AB5345 /* SceneDelegate.swift in Sources */,
			);
			runOnlyForDeploymentPostprocessing = 0;
		};
/* End PBXSourcesBuildPhase section */

/* Begin PBXVariantGroup section */
		7FD642E82943C55000AB5345 /* Main.storyboard */ = {
			isa = PBXVariantGroup;
			children = (
				7FD642E92943C55000AB5345 /* Base */,
			);
			name = Main.storyboard;
			sourceTree = "<group>";
		};
		7FD642ED2943C55100AB5345 /* LaunchScreen.storyboard */ = {
			isa = PBXVariantGroup;
			children = (
				7FD642EE2943C55100AB5345 /* Base */,
			);
			name = LaunchScreen.storyboard;
			sourceTree = "<group>";
		};
/* End PBXVariantGroup section */

/* Begin XCBuildConfiguration section */
		7FD642F12943C55100AB5345 /* Debug */ = {
			isa = XCBuildConfiguration;
			buildSettings = {
				ALWAYS_SEARCH_USER_PATHS = NO;
				CLANG_ANALYZER_NONNULL = YES;
				CLANG_ANALYZER_NUMBER_OBJECT_CONVERSION = YES_AGGRESSIVE;
				CLANG_CXX_LANGUAGE_STANDARD = "gnu++20";
				CLANG_ENABLE_MODULES = YES;
				CLANG_ENABLE_OBJC_ARC = YES;
				CLANG_ENABLE_OBJC_WEAK = YES;
				CLANG_WARN_BLOCK_CAPTURE_AUTORELEASING = YES;
				CLANG_WARN_BOOL_CONVERSION = YES;
				CLANG_WARN_COMMA = YES;
				CLANG_WARN_CONSTANT_CONVERSION = YES;
				CLANG_WARN_DEPRECATED_OBJC_IMPLEMENTATIONS = YES;
				CLANG_WARN_DIRECT_OBJC_ISA_USAGE = YES_ERROR;
				CLANG_WARN_DOCUMENTATION_COMMENTS = YES;
				CLANG_WARN_EMPTY_BODY = YES;
				CLANG_WARN_ENUM_CONVERSION = YES;
				CLANG_WARN_INFINITE_RECURSION = YES;
				CLANG_WARN_INT_CONVERSION = YES;
				CLANG_WARN_NON_LITERAL_NULL_CONVERSION = YES;
				CLANG_WARN_OBJC_IMPLICIT_RETAIN_SELF = YES;
				CLANG_WARN_OBJC_LITERAL_CONVERSION = YES;
				CLANG_WARN_OBJC_ROOT_CLASS = YES_ERROR;
				CLANG_WARN_QUOTED_INCLUDE_IN_FRAMEWORK_HEADER = YES;
				CLANG_WARN_RANGE_LOOP_ANALYSIS = YES;
				CLANG_WARN_STRICT_PROTOTYPES = YES;
				CLANG_WARN_SUSPICIOUS_MOVE = YES;
				CLANG_WARN_UNGUARDED_AVAILABILITY = YES_AGGRESSIVE;
				CLANG_WARN_UNREACHABLE_CODE = YES;
				CLANG_WARN__DUPLICATE_METHOD_MATCH = YES;
				COPY_PHASE_STRIP = NO;
				DEBUG_INFORMATION_FORMAT = dwarf;
				ENABLE_STRICT_OBJC_MSGSEND = YES;
				ENABLE_TESTABILITY = YES;
				GCC_C_LANGUAGE_STANDARD = gnu11;
				GCC_DYNAMIC_NO_PIC = NO;
				GCC_NO_COMMON_BLOCKS = YES;
				GCC_OPTIMIZATION_LEVEL = 0;
				GCC_PREPROCESSOR_DEFINITIONS = (
					"DEBUG=1",
					"$(inherited)",
				);
				GCC_WARN_64_TO_32_BIT_CONVERSION = YES;
				GCC_WARN_ABOUT_RETURN_TYPE = YES_ERROR;
				GCC_WARN_UNDECLARED_SELECTOR = YES;
				GCC_WARN_UNINITIALIZED_AUTOS = YES_AGGRESSIVE;
				GCC_WARN_UNUSED_FUNCTION = YES;
				GCC_WARN_UNUSED_VARIABLE = YES;
				IPHONEOS_DEPLOYMENT_TARGET = 16.1;
				MTL_ENABLE_DEBUG_INFO = INCLUDE_SOURCE;
				MTL_FAST_MATH = YES;
				ONLY_ACTIVE_ARCH = YES;
				SDKROOT = iphoneos;
				SWIFT_ACTIVE_COMPILATION_CONDITIONS = DEBUG;
				SWIFT_OPTIMIZATION_LEVEL = "-Onone";
			};
			name = Debug;
		};
		7FD642F22943C55100AB5345 /* Release */ = {
			isa = XCBuildConfiguration;
			buildSettings = {
				ALWAYS_SEARCH_USER_PATHS = NO;
				CLANG_ANALYZER_NONNULL = YES;
				CLANG_ANALYZER_NUMBER_OBJECT_CONVERSION = YES_AGGRESSIVE;
				CLANG_CXX_LANGUAGE_STANDARD = "gnu++20";
				CLANG_ENABLE_MODULES = YES;
				CLANG_ENABLE_OBJC_ARC = YES;
				CLANG_ENABLE_OBJC_WEAK = YES;
				CLANG_WARN_BLOCK_CAPTURE_AUTORELEASING = YES;
				CLANG_WARN_BOOL_CONVERSION = YES;
				CLANG_WARN_COMMA = YES;
				CLANG_WARN_CONSTANT_CONVERSION = YES;
				CLANG_WARN_DEPRECATED_OBJC_IMPLEMENTATIONS = YES;
				CLANG_WARN_DIRECT_OBJC_ISA_USAGE = YES_ERROR;
				CLANG_WARN_DOCUMENTATION_COMMENTS = YES;
				CLANG_WARN_EMPTY_BODY = YES;
				CLANG_WARN_ENUM_CONVERSION = YES;
				CLANG_WARN_INFINITE_RECURSION = YES;
				CLANG_WARN_INT_CONVERSION = YES;
				CLANG_WARN_NON_LITERAL_NULL_CONVERSION = YES;
				CLANG_WARN_OBJC_IMPLICIT_RETAIN_SELF = YES;
				CLANG_WARN_OBJC_LITERAL_CONVERSION = YES;
				CLANG_WARN_OBJC_ROOT_CLASS = YES_ERROR;
				CLANG_WARN_QUOTED_INCLUDE_IN_FRAMEWORK_HEADER = YES;
				CLANG_WARN_RANGE_LOOP_ANALYSIS = YES;
				CLANG_WARN_STRICT_PROTOTYPES = YES;
				CLANG_WARN_SUSPICIOUS_MOVE = YES;
				CLANG_WARN_UNGUARDED_AVAILABILITY = YES_AGGRESSIVE;
				CLANG_WARN_UNREACHABLE_CODE = YES;
				CLANG_WARN__DUPLICATE_METHOD_MATCH = YES;
				COPY_PHASE_STRIP = NO;
				DEBUG_INFORMATION_FORMAT = "dwarf-with-dsym";
				ENABLE_NS_ASSERTIONS = NO;
				ENABLE_STRICT_OBJC_MSGSEND = YES;
				GCC_C_LANGUAGE_STANDARD = gnu11;
				GCC_NO_COMMON_BLOCKS = YES;
				GCC_WARN_64_TO_32_BIT_CONVERSION = YES;
				GCC_WARN_ABOUT_RETURN_TYPE = YES_ERROR;
				GCC_WARN_UNDECLARED_SELECTOR = YES;
				GCC_WARN_UNINITIALIZED_AUTOS = YES_AGGRESSIVE;
				GCC_WARN_UNUSED_FUNCTION = YES;
				GCC_WARN_UNUSED_VARIABLE = YES;
				IPHONEOS_DEPLOYMENT_TARGET = 16.1;
				MTL_ENABLE_DEBUG_INFO = NO;
				MTL_FAST_MATH = YES;
				SDKROOT = iphoneos;
				SWIFT_COMPILATION_MODE = wholemodule;
				SWIFT_OPTIMIZATION_LEVEL = "-O";
				VALIDATE_PRODUCT = YES;
			};
			name = Release;
		};
		7FD642F42943C55100AB5345 /* Debug */ = {
			isa = XCBuildConfiguration;
			buildSettings = {
				ASSETCATALOG_COMPILER_APPICON_NAME = AppIcon;
				ASSETCATALOG_COMPILER_GLOBAL_ACCENT_COLOR_NAME = AccentColor;
				CODE_SIGN_STYLE = Automatic;
				CURRENT_PROJECT_VERSION = 1;
				DEVELOPMENT_TEAM = 6VHXQ934TQ;
				GENERATE_INFOPLIST_FILE = YES;
				INFOPLIST_FILE = AnimatedWorld/Info.plist;
				INFOPLIST_KEY_UIApplicationSupportsIndirectInputEvents = YES;
				INFOPLIST_KEY_UILaunchStoryboardName = LaunchScreen;
				INFOPLIST_KEY_UIMainStoryboardFile = Main;
				INFOPLIST_KEY_UISupportedInterfaceOrientations_iPad = "UIInterfaceOrientationPortrait UIInterfaceOrientationPortraitUpsideDown UIInterfaceOrientationLandscapeLeft UIInterfaceOrientationLandscapeRight";
				INFOPLIST_KEY_UISupportedInterfaceOrientations_iPhone = "UIInterfaceOrientationPortrait UIInterfaceOrientationLandscapeLeft UIInterfaceOrientationLandscapeRight";
				LD_RUNPATH_SEARCH_PATHS = (
					"$(inherited)",
					"@executable_path/Frameworks",
				);
				MARKETING_VERSION = 1.0;
				PRODUCT_BUNDLE_IDENTIFIER = "Igor-Privalikhin.AnimatedWorld";
				PRODUCT_NAME = "$(TARGET_NAME)";
				SWIFT_EMIT_LOC_STRINGS = YES;
				SWIFT_VERSION = 5.0;
				TARGETED_DEVICE_FAMILY = "1,2";
			};
			name = Debug;
		};
		7FD642F52943C55100AB5345 /* Release */ = {
			isa = XCBuildConfiguration;
			buildSettings = {
				ASSETCATALOG_COMPILER_APPICON_NAME = AppIcon;
				ASSETCATALOG_COMPILER_GLOBAL_ACCENT_COLOR_NAME = AccentColor;
				CODE_SIGN_STYLE = Automatic;
				CURRENT_PROJECT_VERSION = 1;
				DEVELOPMENT_TEAM = 6VHXQ934TQ;
				GENERATE_INFOPLIST_FILE = YES;
				INFOPLIST_FILE = AnimatedWorld/Info.plist;
				INFOPLIST_KEY_UIApplicationSupportsIndirectInputEvents = YES;
				INFOPLIST_KEY_UILaunchStoryboardName = LaunchScreen;
				INFOPLIST_KEY_UIMainStoryboardFile = Main;
				INFOPLIST_KEY_UISupportedInterfaceOrientations_iPad = "UIInterfaceOrientationPortrait UIInterfaceOrientationPortraitUpsideDown UIInterfaceOrientationLandscapeLeft UIInterfaceOrientationLandscapeRight";
				INFOPLIST_KEY_UISupportedInterfaceOrientations_iPhone = "UIInterfaceOrientationPortrait UIInterfaceOrientationLandscapeLeft UIInterfaceOrientationLandscapeRight";
				LD_RUNPATH_SEARCH_PATHS = (
					"$(inherited)",
					"@executable_path/Frameworks",
				);
				MARKETING_VERSION = 1.0;
				PRODUCT_BUNDLE_IDENTIFIER = "Igor-Privalikhin.AnimatedWorld";
				PRODUCT_NAME = "$(TARGET_NAME)";
				SWIFT_EMIT_LOC_STRINGS = YES;
				SWIFT_VERSION = 5.0;
				TARGETED_DEVICE_FAMILY = "1,2";
			};
			name = Release;
		};
/* End XCBuildConfiguration section */

/* Begin XCConfigurationList section */
		7FD642DA2943C55000AB5345 /* Build configuration list for PBXProject "AnimatedWorld" */ = {
			isa = XCConfigurationList;
			buildConfigurations = (
				7FD642F12943C55100AB5345 /* Debug */,
				7FD642F22943C55100AB5345 /* Release */,
			);
			defaultConfigurationIsVisible = 0;
			defaultConfigurationName = Release;
		};
		7FD642F32943C55100AB5345 /* Build configuration list for PBXNativeTarget "AnimatedWorld" */ = {
			isa = XCConfigurationList;
			buildConfigurations = (
				7FD642F42943C55100AB5345 /* Debug */,
				7FD642F52943C55100AB5345 /* Release */,
			);
			defaultConfigurationIsVisible = 0;
			defaultConfigurationName = Release;
		};
/* End XCConfigurationList section */

/* Begin XCRemoteSwiftPackageReference section */
		7FD642F62943C58E00AB5345 /* XCRemoteSwiftPackageReference "SpringAnimation" */ = {
			isa = XCRemoteSwiftPackageReference;
			repositoryURL = "https://github.com/LexDeBash/SpringAnimation.git";
			requirement = {
				kind = upToNextMinorVersion;
				minimumVersion = 0.3.0;
			};
		};
/* End XCRemoteSwiftPackageReference section */

/* Begin XCSwiftPackageProductDependency section */
		7FD642F72943C58E00AB5345 /* SpringAnimation */ = {
			isa = XCSwiftPackageProductDependency;
			package = 7FD642F62943C58E00AB5345 /* XCRemoteSwiftPackageReference "SpringAnimation" */;
			productName = SpringAnimation;
		};
/* End XCSwiftPackageProductDependency section */
	};
	rootObject = 7FD642D72943C55000AB5345 /* Project object */;
}
